
Microsoft Visual Studio Solution File, Format Version 12.00
# Visual Studio 2013
VisualStudioVersion = 12.0.21005.1
MinimumVisualStudioVersion = 10.0.40219.1
Project("{FAE04EC0-301F-11D3-BF4B-00C04F79EFBC}") = "SnakeUP", "SnakeUP\SnakeUP.csproj", "{6867FBA2-2388-49C1-8620-5806B9F3AFAC}"
EndProject
Global
	GlobalSection(SolutionConfigurationPlatforms) = preSolution
		Debug|Any CPU = Debug|Any CPU
		Release|Any CPU = Release|Any CPU
	EndGlobalSection
	GlobalSection(ProjectConfigurationPlatforms) = postSolution
		{6867FBA2-2388-49C1-8620-5806B9F3AFAC}.Debug|Any CPU.ActiveCfg = Debug|Any CPU
		{6867FBA2-2388-49C1-8620-5806B9F3AFAC}.Debug|Any CPU.Build.0 = Debug|Any CPU
		{6867FBA2-2388-49C1-8620-5806B9F3AFAC}.Release|Any CPU.ActiveCfg = Release|Any CPU
		{6867FBA2-2388-49C1-8620-5806B9F3AFAC}.Release|Any CPU.Build.0 = Release|Any CPU
	EndGlobalSection
	GlobalSection(SolutionProperties) = preSolution
		HideSolutionNode = FALSE
	EndGlobalSection
EndGlobal
