
Microsoft Visual Studio Solution File, Format Version 12.00
# Visual Studio 2012
Project("{FAE04EC0-301F-11D3-BF4B-00C04F79EFBC}") = "SOLIDHomework.Core", "SOLIDHomework.Core\SOLIDHomework.Core.csproj", "{10608E79-F289-4F72-9090-162C0CE94635}"
EndProject
Project("{FAE04EC0-301F-11D3-BF4B-00C04F79EFBC}") = "SOLIDHomework", "SOLIDHomework\SOLIDHomework.csproj", "{800280E3-D508-4307-AF9F-D81D4E05D6B0}"
EndProject
Global
	GlobalSection(SolutionConfigurationPlatforms) = preSolution
		Debug|Any CPU = Debug|Any CPU
		Release|Any CPU = Release|Any CPU
	EndGlobalSection
	GlobalSection(ProjectConfigurationPlatforms) = postSolution
		{10608E79-F289-4F72-9090-162C0CE94635}.Debug|Any CPU.ActiveCfg = Debug|Any CPU
		{10608E79-F289-4F72-9090-162C0CE94635}.Debug|Any CPU.Build.0 = Debug|Any CPU
		{10608E79-F289-4F72-9090-162C0CE94635}.Release|Any CPU.ActiveCfg = Release|Any CPU
		{10608E79-F289-4F72-9090-162C0CE94635}.Release|Any CPU.Build.0 = Release|Any CPU
		{800280E3-D508-4307-AF9F-D81D4E05D6B0}.Debug|Any CPU.ActiveCfg = Debug|Any CPU
		{800280E3-D508-4307-AF9F-D81D4E05D6B0}.Debug|Any CPU.Build.0 = Debug|Any CPU
		{800280E3-D508-4307-AF9F-D81D4E05D6B0}.Release|Any CPU.ActiveCfg = Release|Any CPU
		{800280E3-D508-4307-AF9F-D81D4E05D6B0}.Release|Any CPU.Build.0 = Release|Any CPU
	EndGlobalSection
	GlobalSection(SolutionProperties) = preSolution
		HideSolutionNode = FALSE
	EndGlobalSection
EndGlobal
